
Microsoft Visual Studio Solution File, Format Version 12.00
# Visual Studio Version 17
VisualStudioVersion = 17.4.33110.190
MinimumVisualStudioVersion = 10.0.40219.1
Project("{9A19103F-16F7-4668-BE54-9A1E7A4F7556}") = "CoreMVC1", "CoreMVC1\CoreMVC1.csproj", "{0CF13C38-E72D-4DB0-893B-4C5640E56333}"
EndProject
Project("{2150E333-8FDC-42A3-9474-1A3956D46DE8}") = "Solution Items", "Solution Items", "{E2E435C9-FD5D-4C81-9434-F0A39AC9569D}"
	ProjectSection(SolutionItems) = preProject
		Notes.txt = Notes.txt
	EndProjectSection
EndProject
Project("{FAE04EC0-301F-11D3-BF4B-00C04F79EFBC}") = "ModelfirstApproach", "ModelfirstApproach\ModelfirstApproach.csproj", "{857189FE-6D18-449D-9C89-6A30BD22A986}"
EndProject
Global
	GlobalSection(SolutionConfigurationPlatforms) = preSolution
		Debug|Any CPU = Debug|Any CPU
		Release|Any CPU = Release|Any CPU
	EndGlobalSection
	GlobalSection(ProjectConfigurationPlatforms) = postSolution
		{0CF13C38-E72D-4DB0-893B-4C5640E56333}.Debug|Any CPU.ActiveCfg = Debug|Any CPU
		{0CF13C38-E72D-4DB0-893B-4C5640E56333}.Debug|Any CPU.Build.0 = Debug|Any CPU
		{0CF13C38-E72D-4DB0-893B-4C5640E56333}.Release|Any CPU.ActiveCfg = Release|Any CPU
		{0CF13C38-E72D-4DB0-893B-4C5640E56333}.Release|Any CPU.Build.0 = Release|Any CPU
		{857189FE-6D18-449D-9C89-6A30BD22A986}.Debug|Any CPU.ActiveCfg = Debug|Any CPU
		{857189FE-6D18-449D-9C89-6A30BD22A986}.Debug|Any CPU.Build.0 = Debug|Any CPU
		{857189FE-6D18-449D-9C89-6A30BD22A986}.Release|Any CPU.ActiveCfg = Release|Any CPU
		{857189FE-6D18-449D-9C89-6A30BD22A986}.Release|Any CPU.Build.0 = Release|Any CPU
	EndGlobalSection
	GlobalSection(SolutionProperties) = preSolution
		HideSolutionNode = FALSE
	EndGlobalSection
	GlobalSection(ExtensibilityGlobals) = postSolution
		SolutionGuid = {E5158EDD-A887-4259-98A3-EAA37E55B885}
	EndGlobalSection
EndGlobal
